
Microsoft Visual Studio Solution File, Format Version 12.00
Project("{FAE04EC0-301F-11D3-BF4B-00C04F79EFBC}") = "HospitalTEC_API", "HospitalTEC_API\HospitalTEC_API.csproj", "{A2F43FC9-9E72-4D12-A08E-839E9081B789}"
EndProject
Project("{2150E333-8FDC-42A3-9474-1A3956D46DE8}") = "HospitalTEC_APISQLServer", "HospitalTEC_APISQLServer", "{82A85F45-D7C2-4E53-B70C-BB3FE90559BE}"
EndProject
Project("{FAE04EC0-301F-11D3-BF4B-00C04F79EFBC}") = "API_SQLSERVER", "API_SQLSERVER\API_SQLSERVER.csproj", "{80C35A7E-B213-42D3-A905-53DABD6753C6}"
EndProject
Project("{2150E333-8FDC-42A3-9474-1A3956D46DE8}") = "HospitalTEC_APIMongo", "HospitalTEC_APIMongo", "{A4DF37E6-B972-47BA-A7BE-25A285C880CA}"
EndProject
Project("{FAE04EC0-301F-11D3-BF4B-00C04F79EFBC}") = "API_MongoDB", "API_MongoDB\API_MongoDB.csproj", "{2ED65455-032F-40F8-9918-BCFB5E2DA871}"
EndProject
Global
	GlobalSection(SolutionConfigurationPlatforms) = preSolution
		Debug|Any CPU = Debug|Any CPU
		Release|Any CPU = Release|Any CPU
	EndGlobalSection
	GlobalSection(ProjectConfigurationPlatforms) = postSolution
		{A2F43FC9-9E72-4D12-A08E-839E9081B789}.Debug|Any CPU.ActiveCfg = Debug|Any CPU
		{A2F43FC9-9E72-4D12-A08E-839E9081B789}.Debug|Any CPU.Build.0 = Debug|Any CPU
		{A2F43FC9-9E72-4D12-A08E-839E9081B789}.Release|Any CPU.ActiveCfg = Release|Any CPU
		{A2F43FC9-9E72-4D12-A08E-839E9081B789}.Release|Any CPU.Build.0 = Release|Any CPU
		{80C35A7E-B213-42D3-A905-53DABD6753C6}.Debug|Any CPU.ActiveCfg = Debug|Any CPU
		{80C35A7E-B213-42D3-A905-53DABD6753C6}.Debug|Any CPU.Build.0 = Debug|Any CPU
		{80C35A7E-B213-42D3-A905-53DABD6753C6}.Release|Any CPU.ActiveCfg = Release|Any CPU
		{80C35A7E-B213-42D3-A905-53DABD6753C6}.Release|Any CPU.Build.0 = Release|Any CPU
		{2ED65455-032F-40F8-9918-BCFB5E2DA871}.Debug|Any CPU.ActiveCfg = Debug|Any CPU
		{2ED65455-032F-40F8-9918-BCFB5E2DA871}.Debug|Any CPU.Build.0 = Debug|Any CPU
		{2ED65455-032F-40F8-9918-BCFB5E2DA871}.Release|Any CPU.ActiveCfg = Release|Any CPU
		{2ED65455-032F-40F8-9918-BCFB5E2DA871}.Release|Any CPU.Build.0 = Release|Any CPU
	EndGlobalSection
	GlobalSection(NestedProjects) = preSolution
		{80C35A7E-B213-42D3-A905-53DABD6753C6} = {82A85F45-D7C2-4E53-B70C-BB3FE90559BE}
		{2ED65455-032F-40F8-9918-BCFB5E2DA871} = {A4DF37E6-B972-47BA-A7BE-25A285C880CA}
	EndGlobalSection
EndGlobal
